
Microsoft Visual Studio Solution File, Format Version 12.00
# Visual Studio Version 17
VisualStudioVersion = 17.4.33213.308
MinimumVisualStudioVersion = 10.0.40219.1
Project("{FAE04EC0-301F-11D3-BF4B-00C04F79EFBC}") = "MentoringProject.Tasks", "MentoringProject.Tasks\MentoringProject.Tasks.csproj", "{20ECEAB3-BFF0-4C36-93DE-400EE6966FCA}"
EndProject
Global
	GlobalSection(SolutionConfigurationPlatforms) = preSolution
		Debug|Any CPU = Debug|Any CPU
		Release|Any CPU = Release|Any CPU
	EndGlobalSection
	GlobalSection(ProjectConfigurationPlatforms) = postSolution
		{20ECEAB3-BFF0-4C36-93DE-400EE6966FCA}.Debug|Any CPU.ActiveCfg = Debug|Any CPU
		{20ECEAB3-BFF0-4C36-93DE-400EE6966FCA}.Debug|Any CPU.Build.0 = Debug|Any CPU
		{20ECEAB3-BFF0-4C36-93DE-400EE6966FCA}.Release|Any CPU.ActiveCfg = Release|Any CPU
		{20ECEAB3-BFF0-4C36-93DE-400EE6966FCA}.Release|Any CPU.Build.0 = Release|Any CPU
	EndGlobalSection
	GlobalSection(SolutionProperties) = preSolution
		HideSolutionNode = FALSE
	EndGlobalSection
	GlobalSection(ExtensibilityGlobals) = postSolution
		SolutionGuid = {32304DC3-1232-4E1A-96EB-5855019102E9}
	EndGlobalSection
EndGlobal
